// !$*UTF8*$!
{
	archiveVersion = 1;
	classes = {
	};
	objectVersion = 56;
	objects = {

/* Begin PBXBuildFile section */
		98AA477A2C3823C2007E3E14 /* TechXploreApp.swift in Sources */ = {isa = PBXBuildFile; fileRef = 98AA47792C3823C2007E3E14 /* TechXploreApp.swift */; };
		98AA477C2C3823C2007E3E14 /* ContentView.swift in Sources */ = {isa = PBXBuildFile; fileRef = 98AA477B2C3823C2007E3E14 /* ContentView.swift */; };
		98AA477E2C3823C4007E3E14 /* Assets.xcassets in Resources */ = {isa = PBXBuildFile; fileRef = 98AA477D2C3823C4007E3E14 /* Assets.xcassets */; };
		98AA47812C3823C4007E3E14 /* Preview Assets.xcassets in Resources */ = {isa = PBXBuildFile; fileRef = 98AA47802C3823C4007E3E14 /* Preview Assets.xcassets */; };
		98AA47882C382742007E3E14 /* LoginView.swift in Sources */ = {isa = PBXBuildFile; fileRef = 98AA47872C382742007E3E14 /* LoginView.swift */; };
		98AA478D2C3827AC007E3E14 /* LoginViewModel.swift in Sources */ = {isa = PBXBuildFile; fileRef = 98AA478C2C3827AC007E3E14 /* LoginViewModel.swift */; };
		98AA47902C3827EB007E3E14 /* NetworkManager.swift in Sources */ = {isa = PBXBuildFile; fileRef = 98AA478F2C3827EB007E3E14 /* NetworkManager.swift */; };
		98AA47932C382838007E3E14 /* TitleSubtitleComponentView.swift in Sources */ = {isa = PBXBuildFile; fileRef = 98AA47922C382838007E3E14 /* TitleSubtitleComponentView.swift */; };
		98AA47952C382849007E3E14 /* TextFieldView.swift in Sources */ = {isa = PBXBuildFile; fileRef = 98AA47942C382849007E3E14 /* TextFieldView.swift */; };
		98AA47972C382871007E3E14 /* NavigationManager.swift in Sources */ = {isa = PBXBuildFile; fileRef = 98AA47962C382871007E3E14 /* NavigationManager.swift */; };
		98AA47992C38289B007E3E14 /* TokenManager.swift in Sources */ = {isa = PBXBuildFile; fileRef = 98AA47982C38289B007E3E14 /* TokenManager.swift */; };
		98AA479B2C3828ED007E3E14 /* RegisterView.swift in Sources */ = {isa = PBXBuildFile; fileRef = 98AA479A2C3828ED007E3E14 /* RegisterView.swift */; };
		98AA479D2C382943007E3E14 /* PasswordView.swift in Sources */ = {isa = PBXBuildFile; fileRef = 98AA479C2C382943007E3E14 /* PasswordView.swift */; };
		98AA479F2C382957007E3E14 /* PrimaryButtonView.swift in Sources */ = {isa = PBXBuildFile; fileRef = 98AA479E2C382957007E3E14 /* PrimaryButtonView.swift */; };
		98AA47A22C382F63007E3E14 /* Model.swift in Sources */ = {isa = PBXBuildFile; fileRef = 98AA47A12C382F63007E3E14 /* Model.swift */; };
		98AA47A72C383173007E3E14 /* MainView.swift in Sources */ = {isa = PBXBuildFile; fileRef = 98AA47A62C383173007E3E14 /* MainView.swift */; };
		98AA47A92C38319D007E3E14 /* MainViewModel.swift in Sources */ = {isa = PBXBuildFile; fileRef = 98AA47A82C38319D007E3E14 /* MainViewModel.swift */; };
		98AA47AC2C3831DF007E3E14 /* ProjectListView.swift in Sources */ = {isa = PBXBuildFile; fileRef = 98AA47AB2C3831DF007E3E14 /* ProjectListView.swift */; };
		98AA47AE2C3831F8007E3E14 /* ProjectListViewModel.swift in Sources */ = {isa = PBXBuildFile; fileRef = 98AA47AD2C3831F8007E3E14 /* ProjectListViewModel.swift */; };
		98AA47B02C38322A007E3E14 /* ProjectComponentView.swift in Sources */ = {isa = PBXBuildFile; fileRef = 98AA47AF2C38322A007E3E14 /* ProjectComponentView.swift */; };
		98AA47B32C383253007E3E14 /* ProjectDetailView.swift in Sources */ = {isa = PBXBuildFile; fileRef = 98AA47B22C383253007E3E14 /* ProjectDetailView.swift */; };
		98AA47B52C383290007E3E14 /* ProjectDetailViewModel.swift in Sources */ = {isa = PBXBuildFile; fileRef = 98AA47B42C383290007E3E14 /* ProjectDetailViewModel.swift */; };
		98AA47B72C3832F0007E3E14 /* ImageCarouselComponentView.swift in Sources */ = {isa = PBXBuildFile; fileRef = 98AA47B62C3832F0007E3E14 /* ImageCarouselComponentView.swift */; };
		98AA47B92C386726007E3E14 /* Animation - 1720201013725.json in Resources */ = {isa = PBXBuildFile; fileRef = 98AA47B82C386726007E3E14 /* Animation - 1720201013725.json */; };
		98AA47BB2C386740007E3E14 /* LottieView.swift in Sources */ = {isa = PBXBuildFile; fileRef = 98AA47BA2C386740007E3E14 /* LottieView.swift */; };
		98AA47BE2C386774007E3E14 /* Lottie in Frameworks */ = {isa = PBXBuildFile; productRef = 98AA47BD2C386774007E3E14 /* Lottie */; };
/* End PBXBuildFile section */

/* Begin PBXFileReference section */
		98AA47762C3823C2007E3E14 /* TechXplore.app */ = {isa = PBXFileReference; explicitFileType = wrapper.application; includeInIndex = 0; path = TechXplore.app; sourceTree = BUILT_PRODUCTS_DIR; };
		98AA47792C3823C2007E3E14 /* TechXploreApp.swift */ = {isa = PBXFileReference; lastKnownFileType = sourcecode.swift; path = TechXploreApp.swift; sourceTree = "<group>"; };
		98AA477B2C3823C2007E3E14 /* ContentView.swift */ = {isa = PBXFileReference; lastKnownFileType = sourcecode.swift; path = ContentView.swift; sourceTree = "<group>"; };
		98AA477D2C3823C4007E3E14 /* Assets.xcassets */ = {isa = PBXFileReference; lastKnownFileType = folder.assetcatalog; path = Assets.xcassets; sourceTree = "<group>"; };
		98AA47802C3823C4007E3E14 /* Preview Assets.xcassets */ = {isa = PBXFileReference; lastKnownFileType = folder.assetcatalog; path = "Preview Assets.xcassets"; sourceTree = "<group>"; };
		98AA47872C382742007E3E14 /* LoginView.swift */ = {isa = PBXFileReference; lastKnownFileType = sourcecode.swift; path = LoginView.swift; sourceTree = "<group>"; };
		98AA478C2C3827AC007E3E14 /* LoginViewModel.swift */ = {isa = PBXFileReference; lastKnownFileType = sourcecode.swift; path = LoginViewModel.swift; sourceTree = "<group>"; };
		98AA478F2C3827EB007E3E14 /* NetworkManager.swift */ = {isa = PBXFileReference; lastKnownFileType = sourcecode.swift; path = NetworkManager.swift; sourceTree = "<group>"; };
		98AA47922C382838007E3E14 /* TitleSubtitleComponentView.swift */ = {isa = PBXFileReference; lastKnownFileType = sourcecode.swift; path = TitleSubtitleComponentView.swift; sourceTree = "<group>"; };
		98AA47942C382849007E3E14 /* TextFieldView.swift */ = {isa = PBXFileReference; lastKnownFileType = sourcecode.swift; path = TextFieldView.swift; sourceTree = "<group>"; };
		98AA47962C382871007E3E14 /* NavigationManager.swift */ = {isa = PBXFileReference; lastKnownFileType = sourcecode.swift; path = NavigationManager.swift; sourceTree = "<group>"; };
		98AA47982C38289B007E3E14 /* TokenManager.swift */ = {isa = PBXFileReference; lastKnownFileType = sourcecode.swift; path = TokenManager.swift; sourceTree = "<group>"; };
		98AA479A2C3828ED007E3E14 /* RegisterView.swift */ = {isa = PBXFileReference; lastKnownFileType = sourcecode.swift; path = RegisterView.swift; sourceTree = "<group>"; };
		98AA479C2C382943007E3E14 /* PasswordView.swift */ = {isa = PBXFileReference; lastKnownFileType = sourcecode.swift; path = PasswordView.swift; sourceTree = "<group>"; };
		98AA479E2C382957007E3E14 /* PrimaryButtonView.swift */ = {isa = PBXFileReference; lastKnownFileType = sourcecode.swift; path = PrimaryButtonView.swift; sourceTree = "<group>"; };
		98AA47A12C382F63007E3E14 /* Model.swift */ = {isa = PBXFileReference; lastKnownFileType = sourcecode.swift; path = Model.swift; sourceTree = "<group>"; };
		98AA47A62C383173007E3E14 /* MainView.swift */ = {isa = PBXFileReference; lastKnownFileType = sourcecode.swift; path = MainView.swift; sourceTree = "<group>"; };
		98AA47A82C38319D007E3E14 /* MainViewModel.swift */ = {isa = PBXFileReference; lastKnownFileType = sourcecode.swift; path = MainViewModel.swift; sourceTree = "<group>"; };
		98AA47AB2C3831DF007E3E14 /* ProjectListView.swift */ = {isa = PBXFileReference; lastKnownFileType = sourcecode.swift; path = ProjectListView.swift; sourceTree = "<group>"; };
		98AA47AD2C3831F8007E3E14 /* ProjectListViewModel.swift */ = {isa = PBXFileReference; lastKnownFileType = sourcecode.swift; path = ProjectListViewModel.swift; sourceTree = "<group>"; };
		98AA47AF2C38322A007E3E14 /* ProjectComponentView.swift */ = {isa = PBXFileReference; lastKnownFileType = sourcecode.swift; path = ProjectComponentView.swift; sourceTree = "<group>"; };
		98AA47B22C383253007E3E14 /* ProjectDetailView.swift */ = {isa = PBXFileReference; lastKnownFileType = sourcecode.swift; path = ProjectDetailView.swift; sourceTree = "<group>"; };
		98AA47B42C383290007E3E14 /* ProjectDetailViewModel.swift */ = {isa = PBXFileReference; lastKnownFileType = sourcecode.swift; path = ProjectDetailViewModel.swift; sourceTree = "<group>"; };
		98AA47B62C3832F0007E3E14 /* ImageCarouselComponentView.swift */ = {isa = PBXFileReference; lastKnownFileType = sourcecode.swift; path = ImageCarouselComponentView.swift; sourceTree = "<group>"; };
		98AA47B82C386726007E3E14 /* Animation - 1720201013725.json */ = {isa = PBXFileReference; fileEncoding = 4; lastKnownFileType = text.json; path = "Animation - 1720201013725.json"; sourceTree = "<group>"; };
		98AA47BA2C386740007E3E14 /* LottieView.swift */ = {isa = PBXFileReference; lastKnownFileType = sourcecode.swift; path = LottieView.swift; sourceTree = "<group>"; };
/* End PBXFileReference section */

/* Begin PBXFrameworksBuildPhase section */
		98AA47732C3823C2007E3E14 /* Frameworks */ = {
			isa = PBXFrameworksBuildPhase;
			buildActionMask = 2147483647;
			files = (
				98AA47BE2C386774007E3E14 /* Lottie in Frameworks */,
			);
			runOnlyForDeploymentPostprocessing = 0;
		};
/* End PBXFrameworksBuildPhase section */

/* Begin PBXGroup section */
		98AA476D2C3823C2007E3E14 = {
			isa = PBXGroup;
			children = (
				98AA47782C3823C2007E3E14 /* TechXplore */,
				98AA47772C3823C2007E3E14 /* Products */,
			);
			sourceTree = "<group>";
		};
		98AA47772C3823C2007E3E14 /* Products */ = {
			isa = PBXGroup;
			children = (
				98AA47762C3823C2007E3E14 /* TechXplore.app */,
			);
			name = Products;
			sourceTree = "<group>";
		};
		98AA47782C3823C2007E3E14 /* TechXplore */ = {
			isa = PBXGroup;
			children = (
				98AA47792C3823C2007E3E14 /* TechXploreApp.swift */,
				98AA477B2C3823C2007E3E14 /* ContentView.swift */,
				98AA47A02C382F4C007E3E14 /* Models */,
				98AA478B2C382761007E3E14 /* Screens */,
				98AA478E2C3827D3007E3E14 /* Managers */,
				98AA47912C382820007E3E14 /* Components */,
				98AA477D2C3823C4007E3E14 /* Assets.xcassets */,
				98AA477F2C3823C4007E3E14 /* Preview Content */,
			);
			path = TechXplore;
			sourceTree = "<group>";
		};
		98AA477F2C3823C4007E3E14 /* Preview Content */ = {
			isa = PBXGroup;
			children = (
				98AA47802C3823C4007E3E14 /* Preview Assets.xcassets */,
			);
			path = "Preview Content";
			sourceTree = "<group>";
		};
		98AA47892C38274B007E3E14 /* Login */ = {
			isa = PBXGroup;
			children = (
				98AA47872C382742007E3E14 /* LoginView.swift */,
				98AA478C2C3827AC007E3E14 /* LoginViewModel.swift */,
				98AA479A2C3828ED007E3E14 /* RegisterView.swift */,
			);
			path = Login;
			sourceTree = "<group>";
		};
		98AA478B2C382761007E3E14 /* Screens */ = {
			isa = PBXGroup;
			children = (
				98AA47B12C38324A007E3E14 /* Detail */,
				98AA47AA2C3831BD007E3E14 /* List */,
				98AA47A32C383000007E3E14 /* Main */,
				98AA47892C38274B007E3E14 /* Login */,
			);
			path = Screens;
			sourceTree = "<group>";
		};
		98AA478E2C3827D3007E3E14 /* Managers */ = {
			isa = PBXGroup;
			children = (
				98AA478F2C3827EB007E3E14 /* NetworkManager.swift */,
				98AA47962C382871007E3E14 /* NavigationManager.swift */,
				98AA47982C38289B007E3E14 /* TokenManager.swift */,
			);
			path = Managers;
			sourceTree = "<group>";
		};
		98AA47912C382820007E3E14 /* Components */ = {
			isa = PBXGroup;
			children = (
				98AA47922C382838007E3E14 /* TitleSubtitleComponentView.swift */,
				98AA47BA2C386740007E3E14 /* LottieView.swift */,
				98AA47942C382849007E3E14 /* TextFieldView.swift */,
				98AA479C2C382943007E3E14 /* PasswordView.swift */,
				98AA479E2C382957007E3E14 /* PrimaryButtonView.swift */,
				98AA47AF2C38322A007E3E14 /* ProjectComponentView.swift */,
				98AA47B62C3832F0007E3E14 /* ImageCarouselComponentView.swift */,
				98AA47B82C386726007E3E14 /* Animation - 1720201013725.json */,
			);
			path = Components;
			sourceTree = "<group>";
		};
		98AA47A02C382F4C007E3E14 /* Models */ = {
			isa = PBXGroup;
			children = (
				98AA47A12C382F63007E3E14 /* Model.swift */,
			);
			path = Models;
			sourceTree = "<group>";
		};
		98AA47A32C383000007E3E14 /* Main */ = {
			isa = PBXGroup;
			children = (
				98AA47A62C383173007E3E14 /* MainView.swift */,
				98AA47A82C38319D007E3E14 /* MainViewModel.swift */,
			);
			path = Main;
			sourceTree = "<group>";
		};
		98AA47AA2C3831BD007E3E14 /* List */ = {
			isa = PBXGroup;
			children = (
				98AA47AB2C3831DF007E3E14 /* ProjectListView.swift */,
				98AA47AD2C3831F8007E3E14 /* ProjectListViewModel.swift */,
			);
			path = List;
			sourceTree = "<group>";
		};
		98AA47B12C38324A007E3E14 /* Detail */ = {
			isa = PBXGroup;
			children = (
				98AA47B22C383253007E3E14 /* ProjectDetailView.swift */,
				98AA47B42C383290007E3E14 /* ProjectDetailViewModel.swift */,
			);
			path = Detail;
			sourceTree = "<group>";
		};
/* End PBXGroup section */

/* Begin PBXNativeTarget section */
		98AA47752C3823C2007E3E14 /* TechXplore */ = {
			isa = PBXNativeTarget;
			buildConfigurationList = 98AA47842C3823C4007E3E14 /* Build configuration list for PBXNativeTarget "TechXplore" */;
			buildPhases = (
				98AA47722C3823C2007E3E14 /* Sources */,
				98AA47732C3823C2007E3E14 /* Frameworks */,
				98AA47742C3823C2007E3E14 /* Resources */,
			);
			buildRules = (
			);
			dependencies = (
			);
			name = TechXplore;
			packageProductDependencies = (
				98AA47BD2C386774007E3E14 /* Lottie */,
			);
			productName = TechXplore;
			productReference = 98AA47762C3823C2007E3E14 /* TechXplore.app */;
			productType = "com.apple.product-type.application";
		};
/* End PBXNativeTarget section */

/* Begin PBXProject section */
		98AA476E2C3823C2007E3E14 /* Project object */ = {
			isa = PBXProject;
			attributes = {
				BuildIndependentTargetsInParallel = 1;
				LastSwiftUpdateCheck = 1500;
				LastUpgradeCheck = 1500;
				TargetAttributes = {
					98AA47752C3823C2007E3E14 = {
						CreatedOnToolsVersion = 15.0.1;
					};
				};
			};
			buildConfigurationList = 98AA47712C3823C2007E3E14 /* Build configuration list for PBXProject "TechXplore" */;
			compatibilityVersion = "Xcode 14.0";
			developmentRegion = en;
			hasScannedForEncodings = 0;
			knownRegions = (
				en,
				Base,
			);
			mainGroup = 98AA476D2C3823C2007E3E14;
			packageReferences = (
				98AA47BC2C386774007E3E14 /* XCRemoteSwiftPackageReference "lottie-ios" */,
			);
			productRefGroup = 98AA47772C3823C2007E3E14 /* Products */;
			projectDirPath = "";
			projectRoot = "";
			targets = (
				98AA47752C3823C2007E3E14 /* TechXplore */,
			);
		};
/* End PBXProject section */

/* Begin PBXResourcesBuildPhase section */
		98AA47742C3823C2007E3E14 /* Resources */ = {
			isa = PBXResourcesBuildPhase;
			buildActionMask = 2147483647;
			files = (
				98AA47B92C386726007E3E14 /* Animation - 1720201013725.json in Resources */,
				98AA47812C3823C4007E3E14 /* Preview Assets.xcassets in Resources */,
				98AA477E2C3823C4007E3E14 /* Assets.xcassets in Resources */,
			);
			runOnlyForDeploymentPostprocessing = 0;
		};
/* End PBXResourcesBuildPhase section */

/* Begin PBXSourcesBuildPhase section */
		98AA47722C3823C2007E3E14 /* Sources */ = {
			isa = PBXSourcesBuildPhase;
			buildActionMask = 2147483647;
			files = (
				98AA478D2C3827AC007E3E14 /* LoginViewModel.swift in Sources */,
				98AA47A72C383173007E3E14 /* MainView.swift in Sources */,
				98AA479D2C382943007E3E14 /* PasswordView.swift in Sources */,
				98AA479B2C3828ED007E3E14 /* RegisterView.swift in Sources */,
				98AA47992C38289B007E3E14 /* TokenManager.swift in Sources */,
				98AA47B52C383290007E3E14 /* ProjectDetailViewModel.swift in Sources */,
				98AA47A92C38319D007E3E14 /* MainViewModel.swift in Sources */,
				98AA47952C382849007E3E14 /* TextFieldView.swift in Sources */,
				98AA479F2C382957007E3E14 /* PrimaryButtonView.swift in Sources */,
				98AA47BB2C386740007E3E14 /* LottieView.swift in Sources */,
				98AA47A22C382F63007E3E14 /* Model.swift in Sources */,
				98AA47882C382742007E3E14 /* LoginView.swift in Sources */,
				98AA47932C382838007E3E14 /* TitleSubtitleComponentView.swift in Sources */,
				98AA47902C3827EB007E3E14 /* NetworkManager.swift in Sources */,
				98AA47972C382871007E3E14 /* NavigationManager.swift in Sources */,
				98AA47B72C3832F0007E3E14 /* ImageCarouselComponentView.swift in Sources */,
				98AA477C2C3823C2007E3E14 /* ContentView.swift in Sources */,
				98AA47B32C383253007E3E14 /* ProjectDetailView.swift in Sources */,
				98AA47B02C38322A007E3E14 /* ProjectComponentView.swift in Sources */,
				98AA47AC2C3831DF007E3E14 /* ProjectListView.swift in Sources */,
				98AA477A2C3823C2007E3E14 /* TechXploreApp.swift in Sources */,
				98AA47AE2C3831F8007E3E14 /* ProjectListViewModel.swift in Sources */,
			);
			runOnlyForDeploymentPostprocessing = 0;
		};
/* End PBXSourcesBuildPhase section */

/* Begin XCBuildConfiguration section */
		98AA47822C3823C4007E3E14 /* Debug */ = {
			isa = XCBuildConfiguration;
			buildSettings = {
				ALWAYS_SEARCH_USER_PATHS = NO;
				ASSETCATALOG_COMPILER_GENERATE_SWIFT_ASSET_SYMBOL_EXTENSIONS = YES;
				CLANG_ANALYZER_NONNULL = YES;
				CLANG_ANALYZER_NUMBER_OBJECT_CONVERSION = YES_AGGRESSIVE;
				CLANG_CXX_LANGUAGE_STANDARD = "gnu++20";
				CLANG_ENABLE_MODULES = YES;
				CLANG_ENABLE_OBJC_ARC = YES;
				CLANG_ENABLE_OBJC_WEAK = YES;
				CLANG_WARN_BLOCK_CAPTURE_AUTORELEASING = YES;
				CLANG_WARN_BOOL_CONVERSION = YES;
				CLANG_WARN_COMMA = YES;
				CLANG_WARN_CONSTANT_CONVERSION = YES;
				CLANG_WARN_DEPRECATED_OBJC_IMPLEMENTATIONS = YES;
				CLANG_WARN_DIRECT_OBJC_ISA_USAGE = YES_ERROR;
				CLANG_WARN_DOCUMENTATION_COMMENTS = YES;
				CLANG_WARN_EMPTY_BODY = YES;
				CLANG_WARN_ENUM_CONVERSION = YES;
				CLANG_WARN_INFINITE_RECURSION = YES;
				CLANG_WARN_INT_CONVERSION = YES;
				CLANG_WARN_NON_LITERAL_NULL_CONVERSION = YES;
				CLANG_WARN_OBJC_IMPLICIT_RETAIN_SELF = YES;
				CLANG_WARN_OBJC_LITERAL_CONVERSION = YES;
				CLANG_WARN_OBJC_ROOT_CLASS = YES_ERROR;
				CLANG_WARN_QUOTED_INCLUDE_IN_FRAMEWORK_HEADER = YES;
				CLANG_WARN_RANGE_LOOP_ANALYSIS = YES;
				CLANG_WARN_STRICT_PROTOTYPES = YES;
				CLANG_WARN_SUSPICIOUS_MOVE = YES;
				CLANG_WARN_UNGUARDED_AVAILABILITY = YES_AGGRESSIVE;
				CLANG_WARN_UNREACHABLE_CODE = YES;
				CLANG_WARN__DUPLICATE_METHOD_MATCH = YES;
				COPY_PHASE_STRIP = NO;
				DEBUG_INFORMATION_FORMAT = dwarf;
				ENABLE_STRICT_OBJC_MSGSEND = YES;
				ENABLE_TESTABILITY = YES;
				ENABLE_USER_SCRIPT_SANDBOXING = YES;
				GCC_C_LANGUAGE_STANDARD = gnu17;
				GCC_DYNAMIC_NO_PIC = NO;
				GCC_NO_COMMON_BLOCKS = YES;
				GCC_OPTIMIZATION_LEVEL = 0;
				GCC_PREPROCESSOR_DEFINITIONS = (
					"DEBUG=1",
					"$(inherited)",
				);
				GCC_WARN_64_TO_32_BIT_CONVERSION = YES;
				GCC_WARN_ABOUT_RETURN_TYPE = YES_ERROR;
				GCC_WARN_UNDECLARED_SELECTOR = YES;
				GCC_WARN_UNINITIALIZED_AUTOS = YES_AGGRESSIVE;
				GCC_WARN_UNUSED_FUNCTION = YES;
				GCC_WARN_UNUSED_VARIABLE = YES;
				IPHONEOS_DEPLOYMENT_TARGET = 17.0;
				LOCALIZATION_PREFERS_STRING_CATALOGS = YES;
				MTL_ENABLE_DEBUG_INFO = INCLUDE_SOURCE;
				MTL_FAST_MATH = YES;
				ONLY_ACTIVE_ARCH = YES;
				SDKROOT = iphoneos;
				SWIFT_ACTIVE_COMPILATION_CONDITIONS = "DEBUG $(inherited)";
				SWIFT_OPTIMIZATION_LEVEL = "-Onone";
			};
			name = Debug;
		};
		98AA47832C3823C4007E3E14 /* Release */ = {
			isa = XCBuildConfiguration;
			buildSettings = {
				ALWAYS_SEARCH_USER_PATHS = NO;
				ASSETCATALOG_COMPILER_GENERATE_SWIFT_ASSET_SYMBOL_EXTENSIONS = YES;
				CLANG_ANALYZER_NONNULL = YES;
				CLANG_ANALYZER_NUMBER_OBJECT_CONVERSION = YES_AGGRESSIVE;
				CLANG_CXX_LANGUAGE_STANDARD = "gnu++20";
				CLANG_ENABLE_MODULES = YES;
				CLANG_ENABLE_OBJC_ARC = YES;
				CLANG_ENABLE_OBJC_WEAK = YES;
				CLANG_WARN_BLOCK_CAPTURE_AUTORELEASING = YES;
				CLANG_WARN_BOOL_CONVERSION = YES;
				CLANG_WARN_COMMA = YES;
				CLANG_WARN_CONSTANT_CONVERSION = YES;
				CLANG_WARN_DEPRECATED_OBJC_IMPLEMENTATIONS = YES;
				CLANG_WARN_DIRECT_OBJC_ISA_USAGE = YES_ERROR;
				CLANG_WARN_DOCUMENTATION_COMMENTS = YES;
				CLANG_WARN_EMPTY_BODY = YES;
				CLANG_WARN_ENUM_CONVERSION = YES;
				CLANG_WARN_INFINITE_RECURSION = YES;
				CLANG_WARN_INT_CONVERSION = YES;
				CLANG_WARN_NON_LITERAL_NULL_CONVERSION = YES;
				CLANG_WARN_OBJC_IMPLICIT_RETAIN_SELF = YES;
				CLANG_WARN_OBJC_LITERAL_CONVERSION = YES;
				CLANG_WARN_OBJC_ROOT_CLASS = YES_ERROR;
				CLANG_WARN_QUOTED_INCLUDE_IN_FRAMEWORK_HEADER = YES;
				CLANG_WARN_RANGE_LOOP_ANALYSIS = YES;
				CLANG_WARN_STRICT_PROTOTYPES = YES;
				CLANG_WARN_SUSPICIOUS_MOVE = YES;
				CLANG_WARN_UNGUARDED_AVAILABILITY = YES_AGGRESSIVE;
				CLANG_WARN_UNREACHABLE_CODE = YES;
				CLANG_WARN__DUPLICATE_METHOD_MATCH = YES;
				COPY_PHASE_STRIP = NO;
				DEBUG_INFORMATION_FORMAT = "dwarf-with-dsym";
				ENABLE_NS_ASSERTIONS = NO;
				ENABLE_STRICT_OBJC_MSGSEND = YES;
				ENABLE_USER_SCRIPT_SANDBOXING = YES;
				GCC_C_LANGUAGE_STANDARD = gnu17;
				GCC_NO_COMMON_BLOCKS = YES;
				GCC_WARN_64_TO_32_BIT_CONVERSION = YES;
				GCC_WARN_ABOUT_RETURN_TYPE = YES_ERROR;
				GCC_WARN_UNDECLARED_SELECTOR = YES;
				GCC_WARN_UNINITIALIZED_AUTOS = YES_AGGRESSIVE;
				GCC_WARN_UNUSED_FUNCTION = YES;
				GCC_WARN_UNUSED_VARIABLE = YES;
				IPHONEOS_DEPLOYMENT_TARGET = 17.0;
				LOCALIZATION_PREFERS_STRING_CATALOGS = YES;
				MTL_ENABLE_DEBUG_INFO = NO;
				MTL_FAST_MATH = YES;
				SDKROOT = iphoneos;
				SWIFT_COMPILATION_MODE = wholemodule;
				VALIDATE_PRODUCT = YES;
			};
			name = Release;
		};
		98AA47852C3823C4007E3E14 /* Debug */ = {
			isa = XCBuildConfiguration;
			buildSettings = {
				ASSETCATALOG_COMPILER_APPICON_NAME = AppIcon;
				ASSETCATALOG_COMPILER_GLOBAL_ACCENT_COLOR_NAME = AccentColor;
				CODE_SIGN_STYLE = Automatic;
				CURRENT_PROJECT_VERSION = 1;
				DEVELOPMENT_ASSET_PATHS = "\"TechXplore/Preview Content\"";
				ENABLE_PREVIEWS = YES;
				GENERATE_INFOPLIST_FILE = YES;
				INFOPLIST_KEY_UIApplicationSceneManifest_Generation = YES;
				INFOPLIST_KEY_UIApplicationSupportsIndirectInputEvents = YES;
				INFOPLIST_KEY_UILaunchScreen_Generation = YES;
				INFOPLIST_KEY_UISupportedInterfaceOrientations_iPad = "UIInterfaceOrientationPortrait UIInterfaceOrientationPortraitUpsideDown UIInterfaceOrientationLandscapeLeft UIInterfaceOrientationLandscapeRight";
				INFOPLIST_KEY_UISupportedInterfaceOrientations_iPhone = "UIInterfaceOrientationPortrait UIInterfaceOrientationLandscapeLeft UIInterfaceOrientationLandscapeRight";
				LD_RUNPATH_SEARCH_PATHS = (
					"$(inherited)",
					"@executable_path/Frameworks",
				);
				MARKETING_VERSION = 1.0;
				PRODUCT_BUNDLE_IDENTIFIER = ge.academy.objectDetection.TechXplore;
				PRODUCT_NAME = "$(TARGET_NAME)";
				SWIFT_EMIT_LOC_STRINGS = YES;
				SWIFT_VERSION = 5.0;
				TARGETED_DEVICE_FAMILY = "1,2";
			};
			name = Debug;
		};
		98AA47862C3823C4007E3E14 /* Release */ = {
			isa = XCBuildConfiguration;
			buildSettings = {
				ASSETCATALOG_COMPILER_APPICON_NAME = AppIcon;
				ASSETCATALOG_COMPILER_GLOBAL_ACCENT_COLOR_NAME = AccentColor;
				CODE_SIGN_STYLE = Automatic;
				CURRENT_PROJECT_VERSION = 1;
				DEVELOPMENT_ASSET_PATHS = "\"TechXplore/Preview Content\"";
				ENABLE_PREVIEWS = YES;
				GENERATE_INFOPLIST_FILE = YES;
				INFOPLIST_KEY_UIApplicationSceneManifest_Generation = YES;
				INFOPLIST_KEY_UIApplicationSupportsIndirectInputEvents = YES;
				INFOPLIST_KEY_UILaunchScreen_Generation = YES;
				INFOPLIST_KEY_UISupportedInterfaceOrientations_iPad = "UIInterfaceOrientationPortrait UIInterfaceOrientationPortraitUpsideDown UIInterfaceOrientationLandscapeLeft UIInterfaceOrientationLandscapeRight";
				INFOPLIST_KEY_UISupportedInterfaceOrientations_iPhone = "UIInterfaceOrientationPortrait UIInterfaceOrientationLandscapeLeft UIInterfaceOrientationLandscapeRight";
				LD_RUNPATH_SEARCH_PATHS = (
					"$(inherited)",
					"@executable_path/Frameworks",
				);
				MARKETING_VERSION = 1.0;
				PRODUCT_BUNDLE_IDENTIFIER = ge.academy.objectDetection.TechXplore;
				PRODUCT_NAME = "$(TARGET_NAME)";
				SWIFT_EMIT_LOC_STRINGS = YES;
				SWIFT_VERSION = 5.0;
				TARGETED_DEVICE_FAMILY = "1,2";
			};
			name = Release;
		};
/* End XCBuildConfiguration section */

/* Begin XCConfigurationList section */
		98AA47712C3823C2007E3E14 /* Build configuration list for PBXProject "TechXplore" */ = {
			isa = XCConfigurationList;
			buildConfigurations = (
				98AA47822C3823C4007E3E14 /* Debug */,
				98AA47832C3823C4007E3E14 /* Release */,
			);
			defaultConfigurationIsVisible = 0;
			defaultConfigurationName = Release;
		};
		98AA47842C3823C4007E3E14 /* Build configuration list for PBXNativeTarget "TechXplore" */ = {
			isa = XCConfigurationList;
			buildConfigurations = (
				98AA47852C3823C4007E3E14 /* Debug */,
				98AA47862C3823C4007E3E14 /* Release */,
			);
			defaultConfigurationIsVisible = 0;
			defaultConfigurationName = Release;
		};
/* End XCConfigurationList section */

/* Begin XCRemoteSwiftPackageReference section */
		98AA47BC2C386774007E3E14 /* XCRemoteSwiftPackageReference "lottie-ios" */ = {
			isa = XCRemoteSwiftPackageReference;
			repositoryURL = "https://github.com/airbnb/lottie-ios.git";
			requirement = {
				kind = upToNextMajorVersion;
				minimumVersion = 4.4.3;
			};
		};
/* End XCRemoteSwiftPackageReference section */

/* Begin XCSwiftPackageProductDependency section */
		98AA47BD2C386774007E3E14 /* Lottie */ = {
			isa = XCSwiftPackageProductDependency;
			package = 98AA47BC2C386774007E3E14 /* XCRemoteSwiftPackageReference "lottie-ios" */;
			productName = Lottie;
		};
/* End XCSwiftPackageProductDependency section */
	};
	rootObject = 98AA476E2C3823C2007E3E14 /* Project object */;
}
